hash: e32ac7c594d5346cc8a8564f1ff3d037689d4032a974b294670c62998b373a85
updated: 2016-08-23T10:31:48.888982062-07:00
imports:
- name: golang.org/x/crypto
  version: b35ccbc95a0eaae49fb65c5d627cb7149ed8d1ab
  subpackages:
  - ssh
  - ssh/agent
  - curve25519
  - ed25519
  - ed25519/internal/edwards25519
testImports: []
